
Microsoft Visual Studio Solution File, Format Version 12.00
# Visual Studio Version 17
VisualStudioVersion = 17.6.33829.357
MinimumVisualStudioVersion = 10.0.40219.1
Project("{FAE04EC0-301F-11D3-BF4B-00C04F79EFBC}") = "JQueryBasico2", "JQueryBasico2\JQueryBasico2.csproj", "{A2E49074-5D2E-4F66-9813-6D9FCBAD2BF2}"
EndProject
Global
	GlobalSection(SolutionConfigurationPlatforms) = preSolution
		Debug|Any CPU = Debug|Any CPU
		Release|Any CPU = Release|Any CPU
	EndGlobalSection
	GlobalSection(ProjectConfigurationPlatforms) = postSolution
		{A2E49074-5D2E-4F66-9813-6D9FCBAD2BF2}.Debug|Any CPU.ActiveCfg = Debug|Any CPU
		{A2E49074-5D2E-4F66-9813-6D9FCBAD2BF2}.Debug|Any CPU.Build.0 = Debug|Any CPU
		{A2E49074-5D2E-4F66-9813-6D9FCBAD2BF2}.Release|Any CPU.ActiveCfg = Release|Any CPU
		{A2E49074-5D2E-4F66-9813-6D9FCBAD2BF2}.Release|Any CPU.Build.0 = Release|Any CPU
	EndGlobalSection
	GlobalSection(SolutionProperties) = preSolution
		HideSolutionNode = FALSE
	EndGlobalSection
	GlobalSection(ExtensibilityGlobals) = postSolution
		SolutionGuid = {08867AE2-9741-4372-8996-C9080DE0FD8F}
	EndGlobalSection
EndGlobal
