
Microsoft Visual Studio Solution File, Format Version 12.00
# Visual Studio Version 17
VisualStudioVersion = 17.8.34309.116
MinimumVisualStudioVersion = 10.0.40219.1
Project("{FAE04EC0-301F-11D3-BF4B-00C04F79EFBC}") = "escuelaNegocios-app", "escuelaNegocios-app.csproj", "{AD79F665-E29F-4ABB-BC49-461DA85FABDE}"
EndProject
Global
	GlobalSection(SolutionConfigurationPlatforms) = preSolution
		Debug|Any CPU = Debug|Any CPU
		Release|Any CPU = Release|Any CPU
	EndGlobalSection
	GlobalSection(ProjectConfigurationPlatforms) = postSolution
		{AD79F665-E29F-4ABB-BC49-461DA85FABDE}.Debug|Any CPU.ActiveCfg = Debug|Any CPU
		{AD79F665-E29F-4ABB-BC49-461DA85FABDE}.Debug|Any CPU.Build.0 = Debug|Any CPU
		{AD79F665-E29F-4ABB-BC49-461DA85FABDE}.Release|Any CPU.ActiveCfg = Release|Any CPU
		{AD79F665-E29F-4ABB-BC49-461DA85FABDE}.Release|Any CPU.Build.0 = Release|Any CPU
	EndGlobalSection
	GlobalSection(SolutionProperties) = preSolution
		HideSolutionNode = FALSE
	EndGlobalSection
	GlobalSection(ExtensibilityGlobals) = postSolution
		SolutionGuid = {3492B1F4-5D5C-446B-9E99-3B3398543295}
	EndGlobalSection
EndGlobal
