
Microsoft Visual Studio Solution File, Format Version 12.00
# Visual Studio Version 17
VisualStudioVersion = 17.6.33829.357
MinimumVisualStudioVersion = 10.0.40219.1
Project("{FAE04EC0-301F-11D3-BF4B-00C04F79EFBC}") = "BootstrapBasico", "BootstrapBasico\BootstrapBasico.csproj", "{1A8898A6-6130-4508-B09C-4B02B2E4182E}"
EndProject
Global
	GlobalSection(SolutionConfigurationPlatforms) = preSolution
		Debug|Any CPU = Debug|Any CPU
		Release|Any CPU = Release|Any CPU
	EndGlobalSection
	GlobalSection(ProjectConfigurationPlatforms) = postSolution
		{1A8898A6-6130-4508-B09C-4B02B2E4182E}.Debug|Any CPU.ActiveCfg = Debug|Any CPU
		{1A8898A6-6130-4508-B09C-4B02B2E4182E}.Debug|Any CPU.Build.0 = Debug|Any CPU
		{1A8898A6-6130-4508-B09C-4B02B2E4182E}.Release|Any CPU.ActiveCfg = Release|Any CPU
		{1A8898A6-6130-4508-B09C-4B02B2E4182E}.Release|Any CPU.Build.0 = Release|Any CPU
	EndGlobalSection
	GlobalSection(SolutionProperties) = preSolution
		HideSolutionNode = FALSE
	EndGlobalSection
	GlobalSection(ExtensibilityGlobals) = postSolution
		SolutionGuid = {9193F2FE-B73D-4614-96FD-C44700BE379E}
	EndGlobalSection
EndGlobal
