
Microsoft Visual Studio Solution File, Format Version 12.00
# Visual Studio Version 17
VisualStudioVersion = 17.6.33829.357
MinimumVisualStudioVersion = 10.0.40219.1
Project("{FAE04EC0-301F-11D3-BF4B-00C04F79EFBC}") = "examenJqueryJSAvanzado", "examenJqueryJSAvanzado\examenJqueryJSAvanzado.csproj", "{07183DD7-5DF5-414E-BE4F-E0DCADD9325E}"
EndProject
Global
	GlobalSection(SolutionConfigurationPlatforms) = preSolution
		Debug|Any CPU = Debug|Any CPU
		Release|Any CPU = Release|Any CPU
	EndGlobalSection
	GlobalSection(ProjectConfigurationPlatforms) = postSolution
		{07183DD7-5DF5-414E-BE4F-E0DCADD9325E}.Debug|Any CPU.ActiveCfg = Debug|Any CPU
		{07183DD7-5DF5-414E-BE4F-E0DCADD9325E}.Debug|Any CPU.Build.0 = Debug|Any CPU
		{07183DD7-5DF5-414E-BE4F-E0DCADD9325E}.Release|Any CPU.ActiveCfg = Release|Any CPU
		{07183DD7-5DF5-414E-BE4F-E0DCADD9325E}.Release|Any CPU.Build.0 = Release|Any CPU
	EndGlobalSection
	GlobalSection(SolutionProperties) = preSolution
		HideSolutionNode = FALSE
	EndGlobalSection
	GlobalSection(ExtensibilityGlobals) = postSolution
		SolutionGuid = {717B6060-7397-4417-9918-CF693D46104E}
	EndGlobalSection
EndGlobal
