
Microsoft Visual Studio Solution File, Format Version 12.00
# Visual Studio Version 17
VisualStudioVersion = 17.7.34031.279
MinimumVisualStudioVersion = 10.0.40219.1
Project("{FAE04EC0-301F-11D3-BF4B-00C04F79EFBC}") = "JSEjercicio10Octubre2", "JSEjercicio10Octubre2\JSEjercicio10Octubre2.csproj", "{A39FB1F9-BC77-4556-ABDA-4A6535FB1FB0}"
EndProject
Global
	GlobalSection(SolutionConfigurationPlatforms) = preSolution
		Debug|Any CPU = Debug|Any CPU
		Release|Any CPU = Release|Any CPU
	EndGlobalSection
	GlobalSection(ProjectConfigurationPlatforms) = postSolution
		{A39FB1F9-BC77-4556-ABDA-4A6535FB1FB0}.Debug|Any CPU.ActiveCfg = Debug|Any CPU
		{A39FB1F9-BC77-4556-ABDA-4A6535FB1FB0}.Debug|Any CPU.Build.0 = Debug|Any CPU
		{A39FB1F9-BC77-4556-ABDA-4A6535FB1FB0}.Release|Any CPU.ActiveCfg = Release|Any CPU
		{A39FB1F9-BC77-4556-ABDA-4A6535FB1FB0}.Release|Any CPU.Build.0 = Release|Any CPU
	EndGlobalSection
	GlobalSection(SolutionProperties) = preSolution
		HideSolutionNode = FALSE
	EndGlobalSection
	GlobalSection(ExtensibilityGlobals) = postSolution
		SolutionGuid = {023800DC-D0B3-42F2-9E4D-17854793919B}
	EndGlobalSection
EndGlobal
