
Microsoft Visual Studio Solution File, Format Version 12.00
# Visual Studio Version 17
VisualStudioVersion = 17.6.33829.357
MinimumVisualStudioVersion = 10.0.40219.1
Project("{FAE04EC0-301F-11D3-BF4B-00C04F79EFBC}") = "Ejercicio1HTMLBasico", "Ejercicio1HTMLBasico\Ejercicio1HTMLBasico.csproj", "{98BAC4C0-BAE9-416C-AAC7-8A8DB1962404}"
EndProject
Global
	GlobalSection(SolutionConfigurationPlatforms) = preSolution
		Debug|Any CPU = Debug|Any CPU
		Release|Any CPU = Release|Any CPU
	EndGlobalSection
	GlobalSection(ProjectConfigurationPlatforms) = postSolution
		{98BAC4C0-BAE9-416C-AAC7-8A8DB1962404}.Debug|Any CPU.ActiveCfg = Debug|Any CPU
		{98BAC4C0-BAE9-416C-AAC7-8A8DB1962404}.Debug|Any CPU.Build.0 = Debug|Any CPU
		{98BAC4C0-BAE9-416C-AAC7-8A8DB1962404}.Release|Any CPU.ActiveCfg = Release|Any CPU
		{98BAC4C0-BAE9-416C-AAC7-8A8DB1962404}.Release|Any CPU.Build.0 = Release|Any CPU
	EndGlobalSection
	GlobalSection(SolutionProperties) = preSolution
		HideSolutionNode = FALSE
	EndGlobalSection
	GlobalSection(ExtensibilityGlobals) = postSolution
		SolutionGuid = {AD9DAF20-19EA-4116-A34D-CFA35A1D40FC}
	EndGlobalSection
EndGlobal
