
Microsoft Visual Studio Solution File, Format Version 12.00
# Visual Studio Version 17
VisualStudioVersion = 17.6.33829.357
MinimumVisualStudioVersion = 10.0.40219.1
Project("{FAE04EC0-301F-11D3-BF4B-00C04F79EFBC}") = "JQueryBasico3", "JQueryBasico3\JQueryBasico3.csproj", "{ABAFD485-E403-41F4-81A3-B27DB4DA9BCE}"
EndProject
Global
	GlobalSection(SolutionConfigurationPlatforms) = preSolution
		Debug|Any CPU = Debug|Any CPU
		Release|Any CPU = Release|Any CPU
	EndGlobalSection
	GlobalSection(ProjectConfigurationPlatforms) = postSolution
		{ABAFD485-E403-41F4-81A3-B27DB4DA9BCE}.Debug|Any CPU.ActiveCfg = Debug|Any CPU
		{ABAFD485-E403-41F4-81A3-B27DB4DA9BCE}.Debug|Any CPU.Build.0 = Debug|Any CPU
		{ABAFD485-E403-41F4-81A3-B27DB4DA9BCE}.Release|Any CPU.ActiveCfg = Release|Any CPU
		{ABAFD485-E403-41F4-81A3-B27DB4DA9BCE}.Release|Any CPU.Build.0 = Release|Any CPU
	EndGlobalSection
	GlobalSection(SolutionProperties) = preSolution
		HideSolutionNode = FALSE
	EndGlobalSection
	GlobalSection(ExtensibilityGlobals) = postSolution
		SolutionGuid = {5C4E8C0F-8F44-4E81-900F-9364590F287F}
	EndGlobalSection
EndGlobal
